
Microsoft Visual Studio Solution File, Format Version 12.00
# Visual Studio Version 17
VisualStudioVersion = 17.7.34031.279
MinimumVisualStudioVersion = 10.0.40219.1
Project("{FAE04EC0-301F-11D3-BF4B-00C04F79EFBC}") = "PBKK_RazorpageMovie", "PBKK_RazorpageMovie\PBKK_RazorpageMovie.csproj", "{1DF6F581-86D7-422C-BCF0-6B280C28EB7C}"
EndProject
Global
	GlobalSection(SolutionConfigurationPlatforms) = preSolution
		Debug|Any CPU = Debug|Any CPU
		Release|Any CPU = Release|Any CPU
	EndGlobalSection
	GlobalSection(ProjectConfigurationPlatforms) = postSolution
		{1DF6F581-86D7-422C-BCF0-6B280C28EB7C}.Debug|Any CPU.ActiveCfg = Debug|Any CPU
		{1DF6F581-86D7-422C-BCF0-6B280C28EB7C}.Debug|Any CPU.Build.0 = Debug|Any CPU
		{1DF6F581-86D7-422C-BCF0-6B280C28EB7C}.Release|Any CPU.ActiveCfg = Release|Any CPU
		{1DF6F581-86D7-422C-BCF0-6B280C28EB7C}.Release|Any CPU.Build.0 = Release|Any CPU
	EndGlobalSection
	GlobalSection(SolutionProperties) = preSolution
		HideSolutionNode = FALSE
	EndGlobalSection
	GlobalSection(ExtensibilityGlobals) = postSolution
		SolutionGuid = {BE1C567F-91D5-41E8-8E78-F5AB8E2D3B1D}
	EndGlobalSection
EndGlobal
